
Microsoft Visual Studio Solution File, Format Version 12.00
# Visual Studio Version 17
VisualStudioVersion = 17.1.32210.238
MinimumVisualStudioVersion = 10.0.40219.1
Project("{FAE04EC0-301F-11D3-BF4B-00C04F79EFBC}") = "TesteSQL", "TesteSQL\TesteSQL.csproj", "{2373E91A-6B87-42F0-8AB8-EE475FE36DD0}"
EndProject
Project("{FAE04EC0-301F-11D3-BF4B-00C04F79EFBC}") = "DAL", "DAL\DAL.csproj", "{6B713978-4154-471F-871B-CE94F4202D72}"
EndProject
Project("{FAE04EC0-301F-11D3-BF4B-00C04F79EFBC}") = "BLL", "BLL\BLL.csproj", "{DC450F3F-0F8F-42F7-B71E-28BA36E0C06A}"
EndProject
Project("{FAE04EC0-301F-11D3-BF4B-00C04F79EFBC}") = "Modelo", "Modelo\Modelo.csproj", "{DD92DE4E-8550-4052-A16A-E9065EC04A5E}"
EndProject
Project("{FAE04EC0-301F-11D3-BF4B-00C04F79EFBC}") = "Funcoes", "Funcoes\Funcoes.csproj", "{87298A6C-26A8-4C3B-8791-66C5A3686A61}"
EndProject
Global
	GlobalSection(SolutionConfigurationPlatforms) = preSolution
		Debug|Any CPU = Debug|Any CPU
		Release|Any CPU = Release|Any CPU
	EndGlobalSection
	GlobalSection(ProjectConfigurationPlatforms) = postSolution
		{2373E91A-6B87-42F0-8AB8-EE475FE36DD0}.Debug|Any CPU.ActiveCfg = Debug|Any CPU
		{2373E91A-6B87-42F0-8AB8-EE475FE36DD0}.Debug|Any CPU.Build.0 = Debug|Any CPU
		{2373E91A-6B87-42F0-8AB8-EE475FE36DD0}.Release|Any CPU.ActiveCfg = Release|Any CPU
		{2373E91A-6B87-42F0-8AB8-EE475FE36DD0}.Release|Any CPU.Build.0 = Release|Any CPU
		{6B713978-4154-471F-871B-CE94F4202D72}.Debug|Any CPU.ActiveCfg = Debug|Any CPU
		{6B713978-4154-471F-871B-CE94F4202D72}.Debug|Any CPU.Build.0 = Debug|Any CPU
		{6B713978-4154-471F-871B-CE94F4202D72}.Release|Any CPU.ActiveCfg = Release|Any CPU
		{6B713978-4154-471F-871B-CE94F4202D72}.Release|Any CPU.Build.0 = Release|Any CPU
		{DC450F3F-0F8F-42F7-B71E-28BA36E0C06A}.Debug|Any CPU.ActiveCfg = Debug|Any CPU
		{DC450F3F-0F8F-42F7-B71E-28BA36E0C06A}.Debug|Any CPU.Build.0 = Debug|Any CPU
		{DC450F3F-0F8F-42F7-B71E-28BA36E0C06A}.Release|Any CPU.ActiveCfg = Release|Any CPU
		{DC450F3F-0F8F-42F7-B71E-28BA36E0C06A}.Release|Any CPU.Build.0 = Release|Any CPU
		{DD92DE4E-8550-4052-A16A-E9065EC04A5E}.Debug|Any CPU.ActiveCfg = Debug|Any CPU
		{DD92DE4E-8550-4052-A16A-E9065EC04A5E}.Debug|Any CPU.Build.0 = Debug|Any CPU
		{DD92DE4E-8550-4052-A16A-E9065EC04A5E}.Release|Any CPU.ActiveCfg = Release|Any CPU
		{DD92DE4E-8550-4052-A16A-E9065EC04A5E}.Release|Any CPU.Build.0 = Release|Any CPU
		{87298A6C-26A8-4C3B-8791-66C5A3686A61}.Debug|Any CPU.ActiveCfg = Debug|Any CPU
		{87298A6C-26A8-4C3B-8791-66C5A3686A61}.Debug|Any CPU.Build.0 = Debug|Any CPU
		{87298A6C-26A8-4C3B-8791-66C5A3686A61}.Release|Any CPU.ActiveCfg = Release|Any CPU
		{87298A6C-26A8-4C3B-8791-66C5A3686A61}.Release|Any CPU.Build.0 = Release|Any CPU
	EndGlobalSection
	GlobalSection(SolutionProperties) = preSolution
		HideSolutionNode = FALSE
	EndGlobalSection
	GlobalSection(ExtensibilityGlobals) = postSolution
		SolutionGuid = {3EEE61EA-ED55-43DB-89DE-2444E0D70273}
	EndGlobalSection
EndGlobal
